
Microsoft Visual Studio Solution File, Format Version 12.00
# Visual Studio Version 17
VisualStudioVersion = 17.9.34701.34
MinimumVisualStudioVersion = 10.0.40219.1
Project("{9A19103F-16F7-4668-BE54-9A1E7A4F7556}") = "ColorWheel.Core.Net.Windows", "ColorWheel.Core.Net.Windows\ColorWheel.Core.Net.Windows.csproj", "{7A64397C-56EA-4C25-A952-DD32740655A8}"
EndProject
Project("{2150E333-8FDC-42A3-9474-1A3956D46DE8}") = "Solution Files", "Solution Files", "{2BAEC234-3E76-485F-9024-57356F57BC78}"
	ProjectSection(SolutionItems) = preProject
		.gitignore = .gitignore
		azure-pipelines.yml = azure-pipelines.yml
		LICENSE = LICENSE
		README.md = README.md
	EndProjectSection
EndProject
Global
	GlobalSection(SolutionConfigurationPlatforms) = preSolution
		Debug|Any CPU = Debug|Any CPU
		Release|Any CPU = Release|Any CPU
	EndGlobalSection
	GlobalSection(ProjectConfigurationPlatforms) = postSolution
		{7A64397C-56EA-4C25-A952-DD32740655A8}.Debug|Any CPU.ActiveCfg = Debug|Any CPU
		{7A64397C-56EA-4C25-A952-DD32740655A8}.Debug|Any CPU.Build.0 = Debug|Any CPU
		{7A64397C-56EA-4C25-A952-DD32740655A8}.Release|Any CPU.ActiveCfg = Release|Any CPU
		{7A64397C-56EA-4C25-A952-DD32740655A8}.Release|Any CPU.Build.0 = Release|Any CPU
	EndGlobalSection
	GlobalSection(SolutionProperties) = preSolution
		HideSolutionNode = FALSE
	EndGlobalSection
	GlobalSection(ExtensibilityGlobals) = postSolution
		SolutionGuid = {CDA90447-DD7E-4F2F-B7B2-4B17A052D90A}
	EndGlobalSection
EndGlobal
